
Microsoft Visual Studio Solution File, Format Version 12.00
# Visual Studio Version 17
VisualStudioVersion = 17.2.32505.173
MinimumVisualStudioVersion = 10.0.40219.1
Project("{9A19103F-16F7-4668-BE54-9A1E7A4F7556}") = "ProySuministros.Bootstrapper", "ProySuministros.Bootstrapper\ProySuministros.Bootstrapper.csproj", "{01841172-D0BF-486B-8D67-38DD7A29D33F}"
EndProject
Project("{9A19103F-16F7-4668-BE54-9A1E7A4F7556}") = "ProySuministros.Business.Layer", "ProySuministros.Business.Layer\ProySuministros.Business.Layer.csproj", "{9E16EC08-A771-48F0-935B-B9BD61F1BC58}"
EndProject
Project("{9A19103F-16F7-4668-BE54-9A1E7A4F7556}") = "ProySuministros.Presentation.Layer", "ProySuministros.Presentation.Layer\ProySuministros.Presentation.Layer.csproj", "{7775DA77-CB11-45E1-A700-C7EE506924A3}"
EndProject
Project("{9A19103F-16F7-4668-BE54-9A1E7A4F7556}") = "ProySuministros.DataAccess.Layer", "ProySuministros.DataAccess.Layer\ProySuministros.DataAccess.Layer.csproj", "{8FC386F0-C5E3-4377-A6AD-3C5361D08954}"
EndProject
Global
	GlobalSection(SolutionConfigurationPlatforms) = preSolution
		Debug|Any CPU = Debug|Any CPU
		Release|Any CPU = Release|Any CPU
	EndGlobalSection
	GlobalSection(ProjectConfigurationPlatforms) = postSolution
		{01841172-D0BF-486B-8D67-38DD7A29D33F}.Debug|Any CPU.ActiveCfg = Debug|Any CPU
		{01841172-D0BF-486B-8D67-38DD7A29D33F}.Debug|Any CPU.Build.0 = Debug|Any CPU
		{01841172-D0BF-486B-8D67-38DD7A29D33F}.Release|Any CPU.ActiveCfg = Release|Any CPU
		{01841172-D0BF-486B-8D67-38DD7A29D33F}.Release|Any CPU.Build.0 = Release|Any CPU
		{9E16EC08-A771-48F0-935B-B9BD61F1BC58}.Debug|Any CPU.ActiveCfg = Debug|Any CPU
		{9E16EC08-A771-48F0-935B-B9BD61F1BC58}.Debug|Any CPU.Build.0 = Debug|Any CPU
		{9E16EC08-A771-48F0-935B-B9BD61F1BC58}.Release|Any CPU.ActiveCfg = Release|Any CPU
		{9E16EC08-A771-48F0-935B-B9BD61F1BC58}.Release|Any CPU.Build.0 = Release|Any CPU
		{7775DA77-CB11-45E1-A700-C7EE506924A3}.Debug|Any CPU.ActiveCfg = Debug|Any CPU
		{7775DA77-CB11-45E1-A700-C7EE506924A3}.Debug|Any CPU.Build.0 = Debug|Any CPU
		{7775DA77-CB11-45E1-A700-C7EE506924A3}.Release|Any CPU.ActiveCfg = Release|Any CPU
		{7775DA77-CB11-45E1-A700-C7EE506924A3}.Release|Any CPU.Build.0 = Release|Any CPU
		{8FC386F0-C5E3-4377-A6AD-3C5361D08954}.Debug|Any CPU.ActiveCfg = Debug|Any CPU
		{8FC386F0-C5E3-4377-A6AD-3C5361D08954}.Debug|Any CPU.Build.0 = Debug|Any CPU
		{8FC386F0-C5E3-4377-A6AD-3C5361D08954}.Release|Any CPU.ActiveCfg = Release|Any CPU
		{8FC386F0-C5E3-4377-A6AD-3C5361D08954}.Release|Any CPU.Build.0 = Release|Any CPU
	EndGlobalSection
	GlobalSection(SolutionProperties) = preSolution
		HideSolutionNode = FALSE
	EndGlobalSection
	GlobalSection(ExtensibilityGlobals) = postSolution
		SolutionGuid = {B8214A7F-DCF1-40C9-A061-4FC42D9E524E}
	EndGlobalSection
EndGlobal
